{
  "version": 4,
  "terraform_version": "0.12.3",
  "serial": 185,
  "lineage": "2282f310-ffc0-9716-2b44-0b5cb329db3d",
  "outputs": {},
  "resources": [
    {
      "mode": "managed",
      "type": "azurerm_network_interface",
      "name": "jenkins",
      "provider": "provider.azurerm",
      "instances": [
        {
          "schema_version": 0,
          "attributes": {
            "applied_dns_servers": [],
            "dns_servers": [],
            "enable_accelerated_networking": false,
            "enable_ip_forwarding": false,
            "id": "/subscriptions/bf866c57-4815-4822-9177-86c880a71122/resourceGroups/Test-resources/providers/Microsoft.Network/networkInterfaces/Test-nic-jenkins",
            "internal_dns_name_label": "",
            "internal_fqdn": "",
            "ip_configuration": [
              {
                "application_gateway_backend_address_pools_ids": [],
                "application_security_group_ids": [],
                "load_balancer_backend_address_pools_ids": [],
                "load_balancer_inbound_nat_rules_ids": [],
                "name": "testconfiguration1",
                "primary": true,
                "private_ip_address": "",
                "private_ip_address_allocation": "dynamic",
                "private_ip_address_version": "IPv4",
                "public_ip_address_id": "/subscriptions/bf866c57-4815-4822-9177-86c880a71122/resourceGroups/Test-resources/providers/Microsoft.Network/publicIPAddresses/Test-publicip-jenkins",
                "subnet_id": "/subscriptions/bf866c57-4815-4822-9177-86c880a71122/resourceGroups/Test-resources/providers/Microsoft.Network/virtualNetworks/Test-network/subnets/internal"
              }
            ],
            "location": "uksouth",
            "mac_address": "",
            "name": "Test-nic-jenkins",
            "network_security_group_id": "/subscriptions/bf866c57-4815-4822-9177-86c880a71122/resourceGroups/Test-resources/providers/Microsoft.Network/networkSecurityGroups/Test-nsg-jenkins",
            "private_ip_address": "10.0.2.6",
            "private_ip_addresses": [
              "10.0.2.6"
            ],
            "resource_group_name": "Test-resources",
            "tags": {},
            "virtual_machine_id": null
          },
          "private": "bnVsbA==",
          "depends_on": [
            "azurerm_network_security_group.jenkins",
            "azurerm_public_ip.jenkins",
            "azurerm_resource_group.main",
            "azurerm_subnet.internal"
          ]
        }
      ]
    },
    {
      "mode": "managed",
      "type": "azurerm_network_interface",
      "name": "jenkins_build",
      "provider": "provider.azurerm",
      "instances": [
        {
          "schema_version": 0,
          "attributes": {
            "applied_dns_servers": [],
            "dns_servers": [],
            "enable_accelerated_networking": false,
            "enable_ip_forwarding": false,
            "id": "/subscriptions/bf866c57-4815-4822-9177-86c880a71122/resourceGroups/Test-resources/providers/Microsoft.Network/networkInterfaces/Test-nic-jenkins-build",
            "internal_dns_name_label": "",
            "internal_fqdn": "",
            "ip_configuration": [
              {
                "application_gateway_backend_address_pools_ids": [],
                "application_security_group_ids": [],
                "load_balancer_backend_address_pools_ids": [],
                "load_balancer_inbound_nat_rules_ids": [],
                "name": "testconfiguration1",
                "primary": true,
                "private_ip_address": "",
                "private_ip_address_allocation": "dynamic",
                "private_ip_address_version": "IPv4",
                "public_ip_address_id": "/subscriptions/bf866c57-4815-4822-9177-86c880a71122/resourceGroups/Test-resources/providers/Microsoft.Network/publicIPAddresses/Test-publicip-jenkins-build",
                "subnet_id": "/subscriptions/bf866c57-4815-4822-9177-86c880a71122/resourceGroups/Test-resources/providers/Microsoft.Network/virtualNetworks/Test-network/subnets/internal"
              }
            ],
            "location": "uksouth",
            "mac_address": "",
            "name": "Test-nic-jenkins-build",
            "network_security_group_id": "/subscriptions/bf866c57-4815-4822-9177-86c880a71122/resourceGroups/Test-resources/providers/Microsoft.Network/networkSecurityGroups/Test-nsg-jenkins-build",
            "private_ip_address": "10.0.2.5",
            "private_ip_addresses": [
              "10.0.2.5"
            ],
            "resource_group_name": "Test-resources",
            "tags": {},
            "virtual_machine_id": null
          },
          "private": "bnVsbA==",
          "depends_on": [
            "azurerm_network_security_group.jenkins_build",
            "azurerm_public_ip.jenkins_build",
            "azurerm_resource_group.main",
            "azurerm_subnet.internal"
          ]
        }
      ]
    },
    {
      "mode": "managed",
      "type": "azurerm_network_interface",
      "name": "python_server",
      "provider": "provider.azurerm",
      "instances": [
        {
          "schema_version": 0,
          "attributes": {
            "applied_dns_servers": [],
            "dns_servers": [],
            "enable_accelerated_networking": false,
            "enable_ip_forwarding": false,
            "id": "/subscriptions/bf866c57-4815-4822-9177-86c880a71122/resourceGroups/Test-resources/providers/Microsoft.Network/networkInterfaces/Test-nic-python-server",
            "internal_dns_name_label": "",
            "internal_fqdn": "",
            "ip_configuration": [
              {
                "application_gateway_backend_address_pools_ids": [],
                "application_security_group_ids": [],
                "load_balancer_backend_address_pools_ids": [],
                "load_balancer_inbound_nat_rules_ids": [],
                "name": "testconfiguration1",
                "primary": true,
                "private_ip_address": "",
                "private_ip_address_allocation": "dynamic",
                "private_ip_address_version": "IPv4",
                "public_ip_address_id": "/subscriptions/bf866c57-4815-4822-9177-86c880a71122/resourceGroups/Test-resources/providers/Microsoft.Network/publicIPAddresses/Test-publicip-python-server",
                "subnet_id": "/subscriptions/bf866c57-4815-4822-9177-86c880a71122/resourceGroups/Test-resources/providers/Microsoft.Network/virtualNetworks/Test-network/subnets/internal"
              }
            ],
            "location": "uksouth",
            "mac_address": "",
            "name": "Test-nic-python-server",
            "network_security_group_id": "/subscriptions/bf866c57-4815-4822-9177-86c880a71122/resourceGroups/Test-resources/providers/Microsoft.Network/networkSecurityGroups/Test-nsg-python-server",
            "private_ip_address": "10.0.2.4",
            "private_ip_addresses": [
              "10.0.2.4"
            ],
            "resource_group_name": "Test-resources",
            "tags": {},
            "virtual_machine_id": null
          },
          "private": "bnVsbA==",
          "depends_on": [
            "azurerm_network_security_group.python_server",
            "azurerm_public_ip.python_server",
            "azurerm_resource_group.main",
            "azurerm_subnet.internal"
          ]
        }
      ]
    },
    {
      "mode": "managed",
      "type": "azurerm_network_security_group",
      "name": "jenkins",
      "provider": "provider.azurerm",
      "instances": [
        {
          "schema_version": 0,
          "attributes": {
            "id": "/subscriptions/bf866c57-4815-4822-9177-86c880a71122/resourceGroups/Test-resources/providers/Microsoft.Network/networkSecurityGroups/Test-nsg-jenkins",
            "location": "uksouth",
            "name": "Test-nsg-jenkins",
            "resource_group_name": "Test-resources",
            "security_rule": [
              {
                "access": "Allow",
                "description": "",
                "destination_address_prefix": "*",
                "destination_address_prefixes": [],
                "destination_application_security_group_ids": [],
                "destination_port_range": "22",
                "destination_port_ranges": [],
                "direction": "Inbound",
                "name": "SSH",
                "priority": 400,
                "protocol": "Tcp",
                "source_address_prefix": "*",
                "source_address_prefixes": [],
                "source_application_security_group_ids": [],
                "source_port_range": "*",
                "source_port_ranges": []
              },
              {
                "access": "Allow",
                "description": "",
                "destination_address_prefix": "*",
                "destination_address_prefixes": [],
                "destination_application_security_group_ids": [],
                "destination_port_range": "8080",
                "destination_port_ranges": [],
                "direction": "Inbound",
                "name": "Jenkins-Server",
                "priority": 500,
                "protocol": "Tcp",
                "source_address_prefix": "*",
                "source_address_prefixes": [],
                "source_application_security_group_ids": [],
                "source_port_range": "*",
                "source_port_ranges": []
              }
            ],
            "tags": {}
          },
          "private": "bnVsbA==",
          "depends_on": [
            "azurerm_resource_group.main"
          ]
        }
      ]
    },
    {
      "mode": "managed",
      "type": "azurerm_network_security_group",
      "name": "jenkins_build",
      "provider": "provider.azurerm",
      "instances": [
        {
          "schema_version": 0,
          "attributes": {
            "id": "/subscriptions/bf866c57-4815-4822-9177-86c880a71122/resourceGroups/Test-resources/providers/Microsoft.Network/networkSecurityGroups/Test-nsg-jenkins-build",
            "location": "uksouth",
            "name": "Test-nsg-jenkins-build",
            "resource_group_name": "Test-resources",
            "security_rule": [
              {
                "access": "Allow",
                "description": "",
                "destination_address_prefix": "*",
                "destination_address_prefixes": [],
                "destination_application_security_group_ids": [],
                "destination_port_range": "22",
                "destination_port_ranges": [],
                "direction": "Inbound",
                "name": "SSH",
                "priority": 400,
                "protocol": "Tcp",
                "source_address_prefix": "*",
                "source_address_prefixes": [],
                "source_application_security_group_ids": [],
                "source_port_range": "*",
                "source_port_ranges": []
              },
              {
                "access": "Allow",
                "description": "",
                "destination_address_prefix": "*",
                "destination_address_prefixes": [],
                "destination_application_security_group_ids": [],
                "destination_port_range": "8080",
                "destination_port_ranges": [],
                "direction": "Inbound",
                "name": "Jenkins-Server",
                "priority": 500,
                "protocol": "Tcp",
                "source_address_prefix": "*",
                "source_address_prefixes": [],
                "source_application_security_group_ids": [],
                "source_port_range": "*",
                "source_port_ranges": []
              }
            ],
            "tags": {}
          },
          "private": "bnVsbA==",
          "depends_on": [
            "azurerm_resource_group.main"
          ]
        }
      ]
    },
    {
      "mode": "managed",
      "type": "azurerm_network_security_group",
      "name": "python_server",
      "provider": "provider.azurerm",
      "instances": [
        {
          "schema_version": 0,
          "attributes": {
            "id": "/subscriptions/bf866c57-4815-4822-9177-86c880a71122/resourceGroups/Test-resources/providers/Microsoft.Network/networkSecurityGroups/Test-nsg-python-server",
            "location": "uksouth",
            "name": "Test-nsg-python-server",
            "resource_group_name": "Test-resources",
            "security_rule": [
              {
                "access": "Allow",
                "description": "",
                "destination_address_prefix": "*",
                "destination_address_prefixes": [],
                "destination_application_security_group_ids": [],
                "destination_port_range": "22",
                "destination_port_ranges": [],
                "direction": "Inbound",
                "name": "SSH",
                "priority": 400,
                "protocol": "Tcp",
                "source_address_prefix": "*",
                "source_address_prefixes": [],
                "source_application_security_group_ids": [],
                "source_port_range": "*",
                "source_port_ranges": []
              },
              {
                "access": "Allow",
                "description": "",
                "destination_address_prefix": "*",
                "destination_address_prefixes": [],
                "destination_application_security_group_ids": [],
                "destination_port_range": "8000",
                "destination_port_ranges": [],
                "direction": "Inbound",
                "name": "Python-Server",
                "priority": 500,
                "protocol": "Tcp",
                "source_address_prefix": "*",
                "source_address_prefixes": [],
                "source_application_security_group_ids": [],
                "source_port_range": "*",
                "source_port_ranges": []
              }
            ],
            "tags": {}
          },
          "private": "bnVsbA==",
          "depends_on": [
            "azurerm_resource_group.main"
          ]
        }
      ]
    },
    {
      "mode": "managed",
      "type": "azurerm_public_ip",
      "name": "jenkins",
      "provider": "provider.azurerm",
      "instances": [
        {
          "schema_version": 0,
          "attributes": {
            "allocation_method": "Dynamic",
            "domain_name_label": "jenkins-280619130253",
            "fqdn": "jenkins-280619130253.uksouth.cloudapp.azure.com",
            "id": "/subscriptions/bf866c57-4815-4822-9177-86c880a71122/resourceGroups/Test-resources/providers/Microsoft.Network/publicIPAddresses/Test-publicip-jenkins",
            "idle_timeout_in_minutes": 4,
            "ip_address": "",
            "ip_version": "IPv4",
            "location": "uksouth",
            "name": "Test-publicip-jenkins",
            "public_ip_address_allocation": "Dynamic",
            "public_ip_prefix_id": null,
            "resource_group_name": "Test-resources",
            "reverse_fqdn": "",
            "sku": "Basic",
            "tags": {},
            "zones": null
          },
          "private": "bnVsbA==",
          "depends_on": [
            "azurerm_resource_group.main"
          ]
        }
      ]
    },
    {
      "mode": "managed",
      "type": "azurerm_public_ip",
      "name": "jenkins_build",
      "provider": "provider.azurerm",
      "instances": [
        {
          "schema_version": 0,
          "attributes": {
            "allocation_method": "Dynamic",
            "domain_name_label": "jenkins-build-280619130253",
            "fqdn": "jenkins-build-280619130253.uksouth.cloudapp.azure.com",
            "id": "/subscriptions/bf866c57-4815-4822-9177-86c880a71122/resourceGroups/Test-resources/providers/Microsoft.Network/publicIPAddresses/Test-publicip-jenkins-build",
            "idle_timeout_in_minutes": 4,
            "ip_address": "",
            "ip_version": "IPv4",
            "location": "uksouth",
            "name": "Test-publicip-jenkins-build",
            "public_ip_address_allocation": "Dynamic",
            "public_ip_prefix_id": null,
            "resource_group_name": "Test-resources",
            "reverse_fqdn": "",
            "sku": "Basic",
            "tags": {},
            "zones": null
          },
          "private": "bnVsbA==",
          "depends_on": [
            "azurerm_resource_group.main"
          ]
        }
      ]
    },
    {
      "mode": "managed",
      "type": "azurerm_public_ip",
      "name": "python_server",
      "provider": "provider.azurerm",
      "instances": [
        {
          "schema_version": 0,
          "attributes": {
            "allocation_method": "Dynamic",
            "domain_name_label": "python-280619130253",
            "fqdn": "python-280619130253.uksouth.cloudapp.azure.com",
            "id": "/subscriptions/bf866c57-4815-4822-9177-86c880a71122/resourceGroups/Test-resources/providers/Microsoft.Network/publicIPAddresses/Test-publicip-python-server",
            "idle_timeout_in_minutes": 4,
            "ip_address": "",
            "ip_version": "IPv4",
            "location": "uksouth",
            "name": "Test-publicip-python-server",
            "public_ip_address_allocation": "Dynamic",
            "public_ip_prefix_id": null,
            "resource_group_name": "Test-resources",
            "reverse_fqdn": "",
            "sku": "Basic",
            "tags": {},
            "zones": null
          },
          "private": "bnVsbA==",
          "depends_on": [
            "azurerm_resource_group.main"
          ]
        }
      ]
    },
    {
      "mode": "managed",
      "type": "azurerm_resource_group",
      "name": "main",
      "provider": "provider.azurerm",
      "instances": [
        {
          "schema_version": 0,
          "attributes": {
            "id": "/subscriptions/bf866c57-4815-4822-9177-86c880a71122/resourceGroups/Test-resources",
            "location": "uksouth",
            "name": "Test-resources",
            "tags": {}
          },
          "private": "bnVsbA=="
        }
      ]
    },
    {
      "mode": "managed",
      "type": "azurerm_subnet",
      "name": "internal",
      "provider": "provider.azurerm",
      "instances": [
        {
          "schema_version": 0,
          "attributes": {
            "address_prefix": "10.0.2.0/24",
            "delegation": [],
            "id": "/subscriptions/bf866c57-4815-4822-9177-86c880a71122/resourceGroups/Test-resources/providers/Microsoft.Network/virtualNetworks/Test-network/subnets/internal",
            "ip_configurations": [],
            "name": "internal",
            "network_security_group_id": "",
            "resource_group_name": "Test-resources",
            "route_table_id": "",
            "service_endpoints": null,
            "virtual_network_name": "Test-network"
          },
          "private": "bnVsbA==",
          "depends_on": [
            "azurerm_resource_group.main",
            "azurerm_virtual_network.main"
          ]
        }
      ]
    },
    {
      "mode": "managed",
      "type": "azurerm_virtual_machine",
      "name": "jenkins",
      "provider": "provider.azurerm",
      "instances": [
        {
          "schema_version": 0,
          "attributes": {
            "availability_set_id": null,
            "boot_diagnostics": [],
            "delete_data_disks_on_termination": false,
            "delete_os_disk_on_termination": false,
            "id": "/subscriptions/bf866c57-4815-4822-9177-86c880a71122/resourceGroups/Test-resources/providers/Microsoft.Compute/virtualMachines/Test-jenkins",
            "identity": [],
            "license_type": null,
            "location": "uksouth",
            "name": "Test-jenkins",
            "network_interface_ids": [
              "/subscriptions/bf866c57-4815-4822-9177-86c880a71122/resourceGroups/Test-resources/providers/Microsoft.Network/networkInterfaces/Test-nic-jenkins"
            ],
            "os_profile": [
              {
                "admin_password": "",
                "admin_username": "jenkins",
                "computer_name": "jenkins",
                "custom_data": ""
              }
            ],
            "os_profile_linux_config": [
              {
                "disable_password_authentication": true,
                "ssh_keys": [
                  {
                    "key_data": "ssh-rsa AAAAB3NzaC1yc2EAAAADAQABAAABAQCvHU1kbg3g8me1DlyzPS1VpKfFJHoXxqiJqBbZk0zUCe29zLCIz6jg8zR+U6MTkedj15gTZk6HLopwJEjVn77RCNv1vc35vd4XTBbQeRBt7FiFGTVDmL+dfCdeIIv5q4KjeIi3tZVY/bHeYsC2EDdrRSQrqVOEnoEluUSW+kYUeIrhhx01TfHWG9YtWF9r1u7oMweTen9Puy19ldAyKVpbXBDcRppa7XlRkpXJS24bE0tg5rjQiEl/U8z4dc4xBY2xUbrhCEaENvRDVmkjl6cNnJevhUdWiiCBftly3BxnnfyF2h8CmPs95l+aKy9QFq/d7Wz20TFacGXqIYXvnCW/ ferdinand@adminAF-VirtualBox\n",
                    "path": "/home/jenkins/.ssh/authorized_keys"
                  }
                ]
              }
            ],
            "os_profile_secrets": [],
            "os_profile_windows_config": [],
            "plan": [],
            "primary_network_interface_id": null,
            "resource_group_name": "Test-resources",
            "storage_data_disk": [],
            "storage_image_reference": [
              {
                "id": "",
                "offer": "UbuntuServer",
                "publisher": "Canonical",
                "sku": "16.04-LTS",
                "version": "latest"
              }
            ],
            "storage_os_disk": [
              {
                "caching": "ReadWrite",
                "create_option": "FromImage",
                "disk_size_gb": 30,
                "image_uri": "",
                "managed_disk_id": "/subscriptions/bf866c57-4815-4822-9177-86c880a71122/resourceGroups/Test-resources/providers/Microsoft.Compute/disks/jenkinsos",
                "managed_disk_type": "Standard_LRS",
                "name": "jenkinsos",
                "os_type": "Linux",
                "vhd_uri": "",
                "write_accelerator_enabled": false
              }
            ],
            "tags": {
              "environment": "staging"
            },
            "vm_size": "Standard_B1s",
            "zones": null
          },
          "private": "bnVsbA==",
          "depends_on": [
            "azurerm_network_interface.jenkins",
            "azurerm_public_ip.jenkins",
            "azurerm_resource_group.main"
          ]
        }
      ]
    },
    {
      "mode": "managed",
      "type": "azurerm_virtual_machine",
      "name": "jenkins_build",
      "provider": "provider.azurerm",
      "instances": [
        {
          "schema_version": 0,
          "attributes": {
            "availability_set_id": null,
            "boot_diagnostics": [],
            "delete_data_disks_on_termination": false,
            "delete_os_disk_on_termination": false,
            "id": "/subscriptions/bf866c57-4815-4822-9177-86c880a71122/resourceGroups/Test-resources/providers/Microsoft.Compute/virtualMachines/Test-vm-jenkins-build",
            "identity": [],
            "license_type": null,
            "location": "uksouth",
            "name": "Test-vm-jenkins-build",
            "network_interface_ids": [
              "/subscriptions/bf866c57-4815-4822-9177-86c880a71122/resourceGroups/Test-resources/providers/Microsoft.Network/networkInterfaces/Test-nic-jenkins-build"
            ],
            "os_profile": [
              {
                "admin_password": "",
                "admin_username": "jenkinsbuild",
                "computer_name": "jenkins-build",
                "custom_data": ""
              }
            ],
            "os_profile_linux_config": [
              {
                "disable_password_authentication": true,
                "ssh_keys": [
                  {
                    "key_data": "ssh-rsa AAAAB3NzaC1yc2EAAAADAQABAAABAQCvHU1kbg3g8me1DlyzPS1VpKfFJHoXxqiJqBbZk0zUCe29zLCIz6jg8zR+U6MTkedj15gTZk6HLopwJEjVn77RCNv1vc35vd4XTBbQeRBt7FiFGTVDmL+dfCdeIIv5q4KjeIi3tZVY/bHeYsC2EDdrRSQrqVOEnoEluUSW+kYUeIrhhx01TfHWG9YtWF9r1u7oMweTen9Puy19ldAyKVpbXBDcRppa7XlRkpXJS24bE0tg5rjQiEl/U8z4dc4xBY2xUbrhCEaENvRDVmkjl6cNnJevhUdWiiCBftly3BxnnfyF2h8CmPs95l+aKy9QFq/d7Wz20TFacGXqIYXvnCW/ ferdinand@adminAF-VirtualBox\n",
                    "path": "/home/jenkinsbuild/.ssh/authorized_keys"
                  }
                ]
              }
            ],
            "os_profile_secrets": [],
            "os_profile_windows_config": [],
            "plan": [],
            "primary_network_interface_id": null,
            "resource_group_name": "Test-resources",
            "storage_data_disk": [],
            "storage_image_reference": [
              {
                "id": "",
                "offer": "UbuntuServer",
                "publisher": "Canonical",
                "sku": "16.04-LTS",
                "version": "latest"
              }
            ],
            "storage_os_disk": [
              {
                "caching": "ReadWrite",
                "create_option": "FromImage",
                "disk_size_gb": 30,
                "image_uri": "",
                "managed_disk_id": "/subscriptions/bf866c57-4815-4822-9177-86c880a71122/resourceGroups/Test-resources/providers/Microsoft.Compute/disks/buildos",
                "managed_disk_type": "Standard_LRS",
                "name": "buildos",
                "os_type": "Linux",
                "vhd_uri": "",
                "write_accelerator_enabled": false
              }
            ],
            "tags": {
              "environment": "staging"
            },
            "vm_size": "Standard_B1s",
            "zones": null
          },
          "private": "bnVsbA==",
          "depends_on": [
            "azurerm_network_interface.jenkins_build",
            "azurerm_public_ip.jenkins_build",
            "azurerm_resource_group.main"
          ]
        }
      ]
    },
    {
      "mode": "managed",
      "type": "azurerm_virtual_machine",
      "name": "python_server",
      "provider": "provider.azurerm",
      "instances": [
        {
          "schema_version": 0,
          "attributes": {
            "availability_set_id": null,
            "boot_diagnostics": [],
            "delete_data_disks_on_termination": false,
            "delete_os_disk_on_termination": false,
            "id": "/subscriptions/bf866c57-4815-4822-9177-86c880a71122/resourceGroups/Test-resources/providers/Microsoft.Compute/virtualMachines/Test-vm-python-server",
            "identity": [],
            "license_type": null,
            "location": "uksouth",
            "name": "Test-vm-python-server",
            "network_interface_ids": [
              "/subscriptions/bf866c57-4815-4822-9177-86c880a71122/resourceGroups/Test-resources/providers/Microsoft.Network/networkInterfaces/Test-nic-python-server"
            ],
            "os_profile": [
              {
                "admin_password": "",
                "admin_username": "pythonuser",
                "computer_name": "python-server",
                "custom_data": ""
              }
            ],
            "os_profile_linux_config": [
              {
                "disable_password_authentication": true,
                "ssh_keys": [
                  {
                    "key_data": "ssh-rsa AAAAB3NzaC1yc2EAAAADAQABAAABAQCvHU1kbg3g8me1DlyzPS1VpKfFJHoXxqiJqBbZk0zUCe29zLCIz6jg8zR+U6MTkedj15gTZk6HLopwJEjVn77RCNv1vc35vd4XTBbQeRBt7FiFGTVDmL+dfCdeIIv5q4KjeIi3tZVY/bHeYsC2EDdrRSQrqVOEnoEluUSW+kYUeIrhhx01TfHWG9YtWF9r1u7oMweTen9Puy19ldAyKVpbXBDcRppa7XlRkpXJS24bE0tg5rjQiEl/U8z4dc4xBY2xUbrhCEaENvRDVmkjl6cNnJevhUdWiiCBftly3BxnnfyF2h8CmPs95l+aKy9QFq/d7Wz20TFacGXqIYXvnCW/ ferdinand@adminAF-VirtualBox\n",
                    "path": "/home/pythonuser/.ssh/authorized_keys"
                  }
                ]
              }
            ],
            "os_profile_secrets": [],
            "os_profile_windows_config": [],
            "plan": [],
            "primary_network_interface_id": null,
            "resource_group_name": "Test-resources",
            "storage_data_disk": [],
            "storage_image_reference": [
              {
                "id": "",
                "offer": "UbuntuServer",
                "publisher": "Canonical",
                "sku": "16.04-LTS",
                "version": "latest"
              }
            ],
            "storage_os_disk": [
              {
                "caching": "ReadWrite",
                "create_option": "FromImage",
                "disk_size_gb": 30,
                "image_uri": "",
                "managed_disk_id": "/subscriptions/bf866c57-4815-4822-9177-86c880a71122/resourceGroups/Test-resources/providers/Microsoft.Compute/disks/pythonos",
                "managed_disk_type": "Standard_LRS",
                "name": "pythonos",
                "os_type": "Linux",
                "vhd_uri": "",
                "write_accelerator_enabled": false
              }
            ],
            "tags": {
              "environment": "staging"
            },
            "vm_size": "Standard_B1s",
            "zones": null
          },
          "private": "bnVsbA==",
          "depends_on": [
            "azurerm_network_interface.python_server",
            "azurerm_public_ip.python_server",
            "azurerm_resource_group.main"
          ]
        }
      ]
    },
    {
      "mode": "managed",
      "type": "azurerm_virtual_network",
      "name": "main",
      "provider": "provider.azurerm",
      "instances": [
        {
          "schema_version": 0,
          "attributes": {
            "address_space": [
              "10.0.0.0/16"
            ],
            "ddos_protection_plan": [],
            "dns_servers": null,
            "id": "/subscriptions/bf866c57-4815-4822-9177-86c880a71122/resourceGroups/Test-resources/providers/Microsoft.Network/virtualNetworks/Test-network",
            "location": "uksouth",
            "name": "Test-network",
            "resource_group_name": "Test-resources",
            "subnet": [],
            "tags": {}
          },
          "private": "bnVsbA==",
          "depends_on": [
            "azurerm_resource_group.main"
          ]
        }
      ]
    }
  ]
}
